{
    "_meta": {
        "hash": {
            "sha256": "42aa34cc9ffa4cd66412e4032dfd43d93707fdf61629f6474301edb5367ef7db"
        },
        "pipfile-spec": 6,
        "requires": {
            "python_version": "3.11"
        },
        "sources": [
            {
                "name": "pypi",
                "url": "https://pypi.org/simple",
                "verify_ssl": true
            }
        ]
    },
    "default": {
        "blinker": {
            "hashes": [
                "sha256:b4ce2265a7abece45e7cc896e98dbebe6cead56bcf805a3d23136d145f5445bf",
                "sha256:ba0efaa9080b619ff2f3459d1d500c57bddea4a6b424b60a91141db6fd2f08bc"
            ],
            "markers": "python_version >= '3.9'",
            "version": "==1.9.0"
        },
        "click": {
            "hashes": [
                "sha256:12ff4785d337a1bb490bb7e9c2b1ee5da3112e94a8622f26a6c77f5d2fc6842a",
                "sha256:981153a64e25f12d547d3426c367a4857371575ee7ad18df2a6183ab0545b2a6"
            ],
            "markers": "python_version >= '3.10'",
            "version": "==8.3.1"
        },
        "dnspython": {
            "hashes": [
                "sha256:5ef3b9680161f6fa89daf8ad451b5f1a33b18ae8a1c6778cdf4b43f08c0a6e50",
                "sha256:e8f0f9c23a7b7cb99ded64e6c3a6f3e701d78f50c55e002b839dea7225cff7cc"
            ],
            "index": "pypi",
            "markers": "python_version >= '3.8'",
            "version": "==2.6.1"
        },
        "flask": {
            "hashes": [
                "sha256:34e815dfaa43340d1d15a5c3a02b8476004037eb4840b34910c6e21679d288f3",
                "sha256:ceb27b0af3823ea2737928a4d99d125a06175b8512c445cbd9a9ce200ef76842"
            ],
            "index": "pypi",
            "markers": "python_version >= '3.8'",
            "version": "==3.0.3"
        },
        "itsdangerous": {
            "hashes": [
                "sha256:c6242fc49e35958c8b15141343aa660db5fc54d4f13a1db01a3f5891b98700ef",
                "sha256:e0050c0b7da1eea53ffaf149c0cfbb5c6e2e2b69c4bef22c81fa6eb73e5f6173"
            ],
            "markers": "python_version >= '3.8'",
            "version": "==2.2.0"
        },
        "jinja2": {
            "hashes": [
                "sha256:0137fb05990d35f1275a587e9aee6d56da821fc83491a0fb838183be43f66d6d",
                "sha256:85ece4451f492d0c13c5dd7c13a64681a86afae63a5f347908daf103ce6d2f67"
            ],
            "markers": "python_version >= '3.7'",
            "version": "==3.1.6"
        },
        "markupsafe": {
            "hashes": [
                "sha256:0303439a41979d9e74d18ff5e2dd8c43ed6c6001fd40e5bf2e43f7bd9bbc523f",
                "sha256:068f375c472b3e7acbe2d5318dea141359e6900156b5b2ba06a30b169086b91a",
                "sha256:0bf2a864d67e76e5c9a34dc26ec616a66b9888e25e7b9460e1c76d3293bd9dbf",
                "sha256:0db14f5dafddbb6d9208827849fad01f1a2609380add406671a26386cdf15a19",
                "sha256:0eb9ff8191e8498cca014656ae6b8d61f39da5f95b488805da4bb029cccbfbaf",
                "sha256:0f4b68347f8c5eab4a13419215bdfd7f8c9b19f2b25520968adfad23eb0ce60c",
                "sha256:1085e7fbddd3be5f89cc898938f42c0b3c711fdcb37d75221de2666af647c175",
                "sha256:116bb52f642a37c115f517494ea5feb03889e04df47eeff5b130b1808ce7c219",
                "sha256:12c63dfb4a98206f045aa9563db46507995f7ef6d83b2f68eda65c307c6829eb",
                "sha256:133a43e73a802c5562be9bbcd03d090aa5a1fe899db609c29e8c8d815c5f6de6",
                "sha256:1353ef0c1b138e1907ae78e2f6c63ff67501122006b0f9abad68fda5f4ffc6ab",
                "sha256:15d939a21d546304880945ca1ecb8a039db6b4dc49b2c5a400387cdae6a62e26",
                "sha256:177b5253b2834fe3678cb4a5f0059808258584c559193998be2601324fdeafb1",
                "sha256:1872df69a4de6aead3491198eaf13810b565bdbeec3ae2dc8780f14458ec73ce",
                "sha256:1b4b79e8ebf6b55351f0d91fe80f893b4743f104bff22e90697db1590e47a218",
                "sha256:1b52b4fb9df4eb9ae465f8d0c228a00624de2334f216f178a995ccdcf82c4634",
                "sha256:1ba88449deb3de88bd40044603fafffb7bc2b055d626a330323a9ed736661695",
                "sha256:1cc7ea17a6824959616c525620e387f6dd30fec8cb44f649e31712db02123dad",
                "sha256:218551f6df4868a8d527e3062d0fb968682fe92054e89978594c28e642c43a73",
                "sha256:26a5784ded40c9e318cfc2bdb30fe164bdb8665ded9cd64d500a34fb42067b1c",
                "sha256:2713baf880df847f2bece4230d4d094280f4e67b1e813eec43b4c0e144a34ffe",
                "sha256:2a15a08b17dd94c53a1da0438822d70ebcd13f8c3a95abe3a9ef9f11a94830aa",
                "sha256:2f981d352f04553a7171b8e44369f2af4055f888dfb147d55e42d29e29e74559",
                "sha256:32001d6a8fc98c8cb5c947787c5d08b0a50663d139f1305bac5885d98d9b40fa",
                "sha256:3524b778fe5cfb3452a09d31e7b5adefeea8c5be1d43c4f810ba09f2ceb29d37",
                "sha256:3537e01efc9d4dccdf77221fb1cb3b8e1a38d5428920e0657ce299b20324d758",
                "sha256:35add3b638a5d900e807944a078b51922212fb3dedb01633a8defc4b01a3c85f",
                "sha256:38664109c14ffc9e7437e86b4dceb442b0096dfe3541d7864d9cbe1da4cf36c8",
                "sha256:3a7e8ae81ae39e62a41ec302f972ba6ae23a5c5396c8e60113e9066ef893da0d",
                "sha256:3b562dd9e9ea93f13d53989d23a7e775fdfd1066c33494ff43f5418bc8c58a5c",
                "sha256:457a69a9577064c05a97c41f4e65148652db078a3a509039e64d3467b9e7ef97",
                "sha256:4bd4cd07944443f5a265608cc6aab442e4f74dff8088b0dfc8238647b8f6ae9a",
                "sha256:4e885a3d1efa2eadc93c894a21770e4bc67899e3543680313b09f139e149ab19",
                "sha256:4faffd047e07c38848ce017e8725090413cd80cbc23d86e55c587bf979e579c9",
                "sha256:509fa21c6deb7a7a273d629cf5ec029bc209d1a51178615ddf718f5918992ab9",
                "sha256:5678211cb9333a6468fb8d8be0305520aa073f50d17f089b5b4b477ea6e67fdc",
                "sha256:591ae9f2a647529ca990bc681daebdd52c8791ff06c2bfa05b65163e28102ef2",
                "sha256:5a7d5dc5140555cf21a6fefbdbf8723f06fcd2f63ef108f2854de715e4422cb4",
                "sha256:69c0b73548bc525c8cb9a251cddf1931d1db4d2258e9599c28c07ef3580ef354",
                "sha256:6b5420a1d9450023228968e7e6a9ce57f65d148ab56d2313fcd589eee96a7a50",
                "sha256:722695808f4b6457b320fdc131280796bdceb04ab50fe1795cd540799ebe1698",
                "sha256:729586769a26dbceff69f7a7dbbf59ab6572b99d94576a5592625d5b411576b9",
                "sha256:77f0643abe7495da77fb436f50f8dab76dbc6e5fd25d39589a0f1fe6548bfa2b",
                "sha256:795e7751525cae078558e679d646ae45574b47ed6e7771863fcc079a6171a0fc",
                "sha256:7be7b61bb172e1ed687f1754f8e7484f1c8019780f6f6b0786e76bb01c2ae115",
                "sha256:7c3fb7d25180895632e5d3148dbdc29ea38ccb7fd210aa27acbd1201a1902c6e",
                "sha256:7e68f88e5b8799aa49c85cd116c932a1ac15caaa3f5db09087854d218359e485",
                "sha256:83891d0e9fb81a825d9a6d61e3f07550ca70a076484292a70fde82c4b807286f",
                "sha256:8485f406a96febb5140bfeca44a73e3ce5116b2501ac54fe953e488fb1d03b12",
                "sha256:8709b08f4a89aa7586de0aadc8da56180242ee0ada3999749b183aa23df95025",
                "sha256:8f71bc33915be5186016f675cd83a1e08523649b0e33efdb898db577ef5bb009",
                "sha256:915c04ba3851909ce68ccc2b8e2cd691618c4dc4c4232fb7982bca3f41fd8c3d",
                "sha256:949b8d66bc381ee8b007cd945914c721d9aba8e27f71959d750a46f7c282b20b",
                "sha256:94c6f0bb423f739146aec64595853541634bde58b2135f27f61c1ffd1cd4d16a",
                "sha256:9a1abfdc021a164803f4d485104931fb8f8c1efd55bc6b748d2f5774e78b62c5",
                "sha256:9b79b7a16f7fedff2495d684f2b59b0457c3b493778c9eed31111be64d58279f",
                "sha256:a320721ab5a1aba0a233739394eb907f8c8da5c98c9181d1161e77a0c8e36f2d",
                "sha256:a4afe79fb3de0b7097d81da19090f4df4f8d3a2b3adaa8764138aac2e44f3af1",
                "sha256:ad2cf8aa28b8c020ab2fc8287b0f823d0a7d8630784c31e9ee5edea20f406287",
                "sha256:b8512a91625c9b3da6f127803b166b629725e68af71f8184ae7e7d54686a56d6",
                "sha256:bc51efed119bc9cfdf792cdeaa4d67e8f6fcccab66ed4bfdd6bde3e59bfcbb2f",
                "sha256:bdc919ead48f234740ad807933cdf545180bfbe9342c2bb451556db2ed958581",
                "sha256:bdd37121970bfd8be76c5fb069c7751683bdf373db1ed6c010162b2a130248ed",
                "sha256:be8813b57049a7dc738189df53d69395eba14fb99345e0a5994914a3864c8a4b",
                "sha256:c0c0b3ade1c0b13b936d7970b1d37a57acde9199dc2aecc4c336773e1d86049c",
                "sha256:c47a551199eb8eb2121d4f0f15ae0f923d31350ab9280078d1e5f12b249e0026",
                "sha256:c4ffb7ebf07cfe8931028e3e4c85f0357459a3f9f9490886198848f4fa002ec8",
                "sha256:ccfcd093f13f0f0b7fdd0f198b90053bf7b2f02a3927a30e63f3ccc9df56b676",
                "sha256:d2ee202e79d8ed691ceebae8e0486bd9a2cd4794cec4824e1c99b6f5009502f6",
                "sha256:d53197da72cc091b024dd97249dfc7794d6a56530370992a5e1a08983ad9230e",
                "sha256:d6dd0be5b5b189d31db7cda48b91d7e0a9795f31430b7f271219ab30f1d3ac9d",
                "sha256:d88b440e37a16e651bda4c7c2b930eb586fd15ca7406cb39e211fcff3bf3017d",
                "sha256:de8a88e63464af587c950061a5e6a67d3632e36df62b986892331d4620a35c01",
                "sha256:df2449253ef108a379b8b5d6b43f4b1a8e81a061d6537becd5582fba5f9196d7",
                "sha256:e1c1493fb6e50ab01d20a22826e57520f1284df32f2d8601fdd90b6304601419",
                "sha256:e1cf1972137e83c5d4c136c43ced9ac51d0e124706ee1c8aa8532c1287fa8795",
                "sha256:e2103a929dfa2fcaf9bb4e7c091983a49c9ac3b19c9061b6d5427dd7d14d81a1",
                "sha256:e56b7d45a839a697b5eb268c82a71bd8c7f6c94d6fd50c3d577fa39a9f1409f5",
                "sha256:e8afc3f2ccfa24215f8cb28dcf43f0113ac3c37c2f0f0806d8c70e4228c5cf4d",
                "sha256:e8fc20152abba6b83724d7ff268c249fa196d8259ff481f3b1476383f8f24e42",
                "sha256:eaa9599de571d72e2daf60164784109f19978b327a3910d3e9de8c97b5b70cfe",
                "sha256:ec15a59cf5af7be74194f7ab02d0f59a62bdcf1a537677ce67a2537c9b87fcda",
                "sha256:f190daf01f13c72eac4efd5c430a8de82489d9cff23c364c3ea822545032993e",
                "sha256:f34c41761022dd093b4b6896d4810782ffbabe30f2d443ff5f083e0cbbb8c737",
                "sha256:f3e98bb3798ead92273dc0e5fd0f31ade220f59a266ffd8a4f6065e0a3ce0523",
                "sha256:f42d0984e947b8adf7dd6dde396e720934d12c506ce84eea8476409563607591",
                "sha256:f71a396b3bf33ecaa1626c255855702aca4d3d9fea5e051b41ac59a9c1c41edc",
                "sha256:f9e130248f4462aaa8e2552d547f36ddadbeaa573879158d721bbd33dfe4743a",
                "sha256:fed51ac40f757d41b7c48425901843666a6677e3e8eb0abcff09e4ba6e664f50"
            ],
            "markers": "python_version >= '3.9'",
            "version": "==3.0.3"
        },
        "pymongo": {
            "hashes": [
                "sha256:0fc18b3a093f3db008c5fea0e980dbd3b743449eee29b5718bc2dc15ab5088bb",
                "sha256:16e5019f75f6827bb5354b6fef8dfc9d6c7446894a27346e03134d290eb9e758",
                "sha256:180d5eb1dc28b62853e2f88017775c4500b07548ed28c0bd9c005c3d7bc52526",
                "sha256:18c9d8f975dd7194c37193583fd7d1eb9aea0c21ee58955ecf35362239ff31ac",
                "sha256:236bbd7d0aef62e64caf4b24ca200f8c8670d1a6f5ea828c39eccdae423bc2b2",
                "sha256:284d0717d1a7707744018b0b6ee7801b1b1ff044c42f7be7a01bb013de639470",
                "sha256:2ecd71b9226bd1d49416dc9f999772038e56f415a713be51bf18d8676a0841c8",
                "sha256:31e4d21201bdf15064cf47ce7b74722d3e1aea2597c6785882244a3bb58c7eab",
                "sha256:3b5802151fc2b51cd45492c80ed22b441d20090fb76d1fd53cd7760b340ff554",
                "sha256:3c68fe128a171493018ca5c8020fc08675be130d012b7ab3efe9e22698c612a1",
                "sha256:3ed1c316718a2836f7efc3d75b4b0ffdd47894090bc697de8385acd13c513a70",
                "sha256:408b2f8fdbeca3c19e4156f28fff1ab11c3efb0407b60687162d49f68075e63c",
                "sha256:417369ce39af2b7c2a9c7152c1ed2393edfd1cbaf2a356ba31eb8bcbd5c98dd7",
                "sha256:454f2295875744dc70f1881e4b2eb99cdad008a33574bc8aaf120530f66c0cde",
                "sha256:47ec8c3f0a7b2212dbc9be08d3bf17bc89abd211901093e3ef3f2adea7de7a69",
                "sha256:4bf58e6825b93da63e499d1a58de7de563c31e575908d4e24876234ccb910eba",
                "sha256:519d1bab2b5e5218c64340b57d555d89c3f6c9d717cecbf826fb9d42415e7750",
                "sha256:52b4108ac9469febba18cea50db972605cc43978bedaa9fea413378877560ef8",
                "sha256:658d0170f27984e0d89c09fe5c42296613b711a3ffd847eb373b0dbb5b648d5f",
                "sha256:6b50040d9767197b77ed420ada29b3bf18a638f9552d80f2da817b7c4a4c9c68",
                "sha256:7148419eedfea9ecb940961cfe465efaba90595568a1fb97585fb535ea63fe2b",
                "sha256:77f53429515d2b3e86dcc83dadecf7ff881e538c168d575f3688698a8707b80a",
                "sha256:87075a1feb1e602e539bdb1ef8f4324a3427eb0d64208c3182e677d2c0718b6f",
                "sha256:8b18c8324809539c79bd6544d00e0607e98ff833ca21953df001510ca25915d1",
                "sha256:9097c331577cecf8034422956daaba7ec74c26f7b255d718c584faddd7fa2e3c",
                "sha256:920d4f8f157a71b3cb3f39bc09ce070693d6e9648fb0e30d00e2657d1dca4e49",
                "sha256:9365166aa801c63dff1a3cb96e650be270da06e3464ab106727223123405510f",
                "sha256:940d456774b17814bac5ea7fc28188c7a1338d4a233efbb6ba01de957bded2e8",
                "sha256:aec2b9088cdbceb87e6ca9c639d0ff9b9d083594dda5ca5d3c4f6774f4c81b33",
                "sha256:af3e98dd9702b73e4e6fd780f6925352237f5dce8d99405ff1543f3771201704",
                "sha256:b6564780cafd6abeea49759fe661792bd5a67e4f51bca62b88faab497ab5fe89",
                "sha256:b747c0e257b9d3e6495a018309b9e0c93b7f0d65271d1d62e572747f4ffafc88",
                "sha256:bf821bd3befb993a6db17229a2c60c1550e957de02a6ff4dd0af9476637b2e4d",
                "sha256:c6b804bb4f2d9dc389cc9e827d579fa327272cdb0629a99bfe5b83cb3e269ebf",
                "sha256:cc8b8582f4209c2459b04b049ac03c72c618e011d3caa5391ff86d1bda0cc486",
                "sha256:cd39455b7ee70aabee46f7399b32ab38b86b236c069ae559e22be6b46b2bbfc4",
                "sha256:d0cf61450feadca81deb1a1489cb1a3ae1e4266efd51adafecec0e503a8dcd84",
                "sha256:d18d86bc9e103f4d3d4f18b85a0471c0e13ce5b79194e4a0389a224bb70edd53",
                "sha256:d5428dbcd43d02f6306e1c3c95f692f68b284e6ee5390292242f509004c9e3a8",
                "sha256:de3a860f037bb51f968de320baef85090ff0bbb42ec4f28ec6a5ddf88be61871",
                "sha256:e0061af6e8c5e68b13f1ec9ad5251247726653c5af3c0bbdfbca6cf931e99216",
                "sha256:e5df28f74002e37bcbdfdc5109799f670e4dfef0fb527c391ff84f078050e7b5",
                "sha256:e6a720a3d22b54183352dc65f08cd1547204d263e0651b213a0a2e577e838526",
                "sha256:e8400587d594761e5136a3423111f499574be5fd53cf0aefa0d0f05b180710b0",
                "sha256:e84bc7707492f06fbc37a9f215374d2977d21b72e10a67f1b31893ec5a140ad8",
                "sha256:ef7225755ed27bfdb18730c68f6cb023d06c28f2b734597480fb4c0e500feb6f",
                "sha256:f2b7bec27e047e84947fbd41c782f07c54c30c76d14f3b8bf0c89f7413fac67a",
                "sha256:f2fbdb87fe5075c8beb17a5c16348a1ea3c8b282a5cb72d173330be2fecf22f5",
                "sha256:f5bf0eb8b6ef40fa22479f09375468c33bebb7fe49d14d9c96c8fd50355188b0",
                "sha256:fdc20cd1e1141b04696ffcdb7c71e8a4a665db31fe72e51ec706b3bdd2d09f36"
            ],
            "index": "pypi",
            "markers": "python_version >= '3.8'",
            "version": "==4.8.0"
        },
        "python-dotenv": {
            "hashes": [
                "sha256:e324ee90a023d808f1959c46bcbc04446a10ced277783dc6ee09987c37ec10ca",
                "sha256:f7b63ef50f1b690dddf550d03497b66d609393b40b564ed0d674909a68ebf16a"
            ],
            "index": "pypi",
            "markers": "python_version >= '3.8'",
            "version": "==1.0.1"
        },
        "werkzeug": {
            "hashes": [
                "sha256:210c6bede5a420a913956b4791a7f4d6843a43b6fcee4dfa08a65e93007d0d25",
                "sha256:7ddf3357bb9564e407607f988f683d72038551200c704012bb9a4c523d42f131"
            ],
            "markers": "python_version >= '3.9'",
            "version": "==3.1.6"
        }
    },
    "develop": {}
}
